
Microsoft Visual Studio Solution File, Format Version 12.00
# Visual Studio Version 16
VisualStudioVersion = 16.0.30309.148
MinimumVisualStudioVersion = 10.0.40219.1
Project("{9A19103F-16F7-4668-BE54-9A1E7A4F7556}") = "DocumentFormat.OpenXml", "src\DocumentFormat.OpenXml\DocumentFormat.OpenXml.csproj", "{90859C20-C2D8-4377-9899-ADE9D82CD504}"
EndProject
Project("{9A19103F-16F7-4668-BE54-9A1E7A4F7556}") = "OpenXmlPowerTools", "src\OpenXmlPowerTools\OpenXmlPowerTools.csproj", "{D52D63E4-C991-4747-8866-009AD884C889}"
EndProject
Global
	GlobalSection(SolutionConfigurationPlatforms) = preSolution
		Debug|Any CPU = Debug|Any CPU
		Release|Any CPU = Release|Any CPU
	EndGlobalSection
	GlobalSection(ProjectConfigurationPlatforms) = postSolution
		{90859C20-C2D8-4377-9899-ADE9D82CD504}.Debug|Any CPU.ActiveCfg = Debug|Any CPU
		{90859C20-C2D8-4377-9899-ADE9D82CD504}.Debug|Any CPU.Build.0 = Debug|Any CPU
		{90859C20-C2D8-4377-9899-ADE9D82CD504}.Release|Any CPU.ActiveCfg = Release|Any CPU
		{90859C20-C2D8-4377-9899-ADE9D82CD504}.Release|Any CPU.Build.0 = Release|Any CPU
		{D52D63E4-C991-4747-8866-009AD884C889}.Debug|Any CPU.ActiveCfg = Debug|Any CPU
		{D52D63E4-C991-4747-8866-009AD884C889}.Debug|Any CPU.Build.0 = Debug|Any CPU
		{D52D63E4-C991-4747-8866-009AD884C889}.Release|Any CPU.ActiveCfg = Release|Any CPU
		{D52D63E4-C991-4747-8866-009AD884C889}.Release|Any CPU.Build.0 = Release|Any CPU
	EndGlobalSection
	GlobalSection(SolutionProperties) = preSolution
		HideSolutionNode = FALSE
	EndGlobalSection
	GlobalSection(ExtensibilityGlobals) = postSolution
		SolutionGuid = {81B5BBCF-CB01-4547-86A5-22919C63B475}
	EndGlobalSection
EndGlobal
